
Microsoft Visual Studio Solution File, Format Version 12.00
# Visual Studio Version 17
VisualStudioVersion = 17.9.34607.119
MinimumVisualStudioVersion = 10.0.40219.1
Project("{9A19103F-16F7-4668-BE54-9A1E7A4F7556}") = "Priv9", "Priv9.csproj", "{8B32359F-18E9-4C06-B1A9-76B8AC8EEDDD}"
EndProject
Global
	GlobalSection(SolutionConfigurationPlatforms) = preSolution
		Debug|Any CPU = Debug|Any CPU
		Release|Any CPU = Release|Any CPU
	EndGlobalSection
	GlobalSection(ProjectConfigurationPlatforms) = postSolution
		{8B32359F-18E9-4C06-B1A9-76B8AC8EEDDD}.Debug|Any CPU.ActiveCfg = Debug|Any CPU
		{8B32359F-18E9-4C06-B1A9-76B8AC8EEDDD}.Debug|Any CPU.Build.0 = Debug|Any CPU
		{8B32359F-18E9-4C06-B1A9-76B8AC8EEDDD}.Release|Any CPU.ActiveCfg = Release|Any CPU
		{8B32359F-18E9-4C06-B1A9-76B8AC8EEDDD}.Release|Any CPU.Build.0 = Release|Any CPU
	EndGlobalSection
	GlobalSection(SolutionProperties) = preSolution
		HideSolutionNode = FALSE
	EndGlobalSection
	GlobalSection(ExtensibilityGlobals) = postSolution
		SolutionGuid = {F6DBF9F8-CD0B-40EB-80C7-54346E6800E1}
	EndGlobalSection
EndGlobal
